
Microsoft Visual Studio Solution File, Format Version 12.00
# Visual Studio Version 17
VisualStudioVersion = 17.10.34814.14
MinimumVisualStudioVersion = 10.0.40219.1
Project("{FAE04EC0-301F-11D3-BF4B-00C04F79EFBC}") = "PromFutureTestApp", "PromFutureTestApp\PromFutureTestApp.csproj", "{7AF08D9B-0620-4AD8-80BB-D5C7B20FCC64}"
EndProject
Project("{FAE04EC0-301F-11D3-BF4B-00C04F79EFBC}") = "PromFutureTestLibrary", "PromFutureTestLibrary\PromFutureTestLibrary.csproj", "{7AF08D9B-0620-4AD8-80BB-D5C7B20FCC75}"
EndProject
Project("{FAE04EC0-301F-11D3-BF4B-00C04F79EFBC}") = "VendistaServiceLibrary", "VendistaServiceLibrary\VendistaServiceLibrary.csproj", "{7AF08D9B-0620-4AD8-80BB-D5C7B20FCC76}"
EndProject
Global
	GlobalSection(SolutionConfigurationPlatforms) = preSolution
		Debug|Any CPU = Debug|Any CPU
		Release|Any CPU = Release|Any CPU
	EndGlobalSection
	GlobalSection(ProjectConfigurationPlatforms) = postSolution
		{7AF08D9B-0620-4AD8-80BB-D5C7B20FCC64}.Debug|Any CPU.ActiveCfg = Debug|Any CPU
		{7AF08D9B-0620-4AD8-80BB-D5C7B20FCC64}.Debug|Any CPU.Build.0 = Debug|Any CPU
		{7AF08D9B-0620-4AD8-80BB-D5C7B20FCC64}.Release|Any CPU.ActiveCfg = Release|Any CPU
		{7AF08D9B-0620-4AD8-80BB-D5C7B20FCC64}.Release|Any CPU.Build.0 = Release|Any CPU
		{7AF08D9B-0620-4AD8-80BB-D5C7B20FCC75}.Debug|Any CPU.ActiveCfg = Debug|Any CPU
		{7AF08D9B-0620-4AD8-80BB-D5C7B20FCC75}.Debug|Any CPU.Build.0 = Debug|Any CPU
		{7AF08D9B-0620-4AD8-80BB-D5C7B20FCC75}.Release|Any CPU.ActiveCfg = Release|Any CPU
		{7AF08D9B-0620-4AD8-80BB-D5C7B20FCC75}.Release|Any CPU.Build.0 = Release|Any CPU
		{7AF08D9B-0620-4AD8-80BB-D5C7B20FCC76}.Debug|Any CPU.ActiveCfg = Debug|Any CPU
		{7AF08D9B-0620-4AD8-80BB-D5C7B20FCC76}.Debug|Any CPU.Build.0 = Debug|Any CPU
		{7AF08D9B-0620-4AD8-80BB-D5C7B20FCC76}.Release|Any CPU.ActiveCfg = Release|Any CPU
		{7AF08D9B-0620-4AD8-80BB-D5C7B20FCC76}.Release|Any CPU.Build.0 = Release|Any CPU
	EndGlobalSection
	GlobalSection(SolutionProperties) = preSolution
		HideSolutionNode = FALSE
	EndGlobalSection
	GlobalSection(ExtensibilityGlobals) = postSolution
		SolutionGuid = {D6443CC4-7C5C-47A2-BC45-E11351C75832}
	EndGlobalSection
EndGlobal
